
Microsoft Visual Studio Solution File, Format Version 12.00
# Visual Studio Version 17
VisualStudioVersion = 17.13.35806.99 d17.13
MinimumVisualStudioVersion = 10.0.40219.1
Project("{E24C65DC-7377-472B-9ABA-BC803B73C61A}") = "AppikProject", ".", "{2B3D6427-E21C-84E5-A112-3F8A76567F27}"
	ProjectSection(WebsiteProperties) = preProject
		TargetFrameworkMoniker = ".NETFramework,Version%3Dv4.0"
		Debug.AspNetCompiler.VirtualPath = "/localhost_52349"
		Debug.AspNetCompiler.PhysicalPath = "..\AppikProject\"
		Debug.AspNetCompiler.TargetPath = "PrecompiledWeb\localhost_52349\"
		Debug.AspNetCompiler.Updateable = "true"
		Debug.AspNetCompiler.ForceOverwrite = "true"
		Debug.AspNetCompiler.FixedNames = "false"
		Debug.AspNetCompiler.Debug = "True"
		Release.AspNetCompiler.VirtualPath = "/localhost_52349"
		Release.AspNetCompiler.PhysicalPath = "..\AppikProject\"
		Release.AspNetCompiler.TargetPath = "PrecompiledWeb\localhost_52349\"
		Release.AspNetCompiler.Updateable = "true"
		Release.AspNetCompiler.ForceOverwrite = "true"
		Release.AspNetCompiler.FixedNames = "false"
		Release.AspNetCompiler.Debug = "False"
		VWDPort = "52349"
		SlnRelativePath = "..\AppikProject\"
	EndProjectSection
EndProject
Global
	GlobalSection(SolutionConfigurationPlatforms) = preSolution
		Debug|Any CPU = Debug|Any CPU
	EndGlobalSection
	GlobalSection(ProjectConfigurationPlatforms) = postSolution
		{2B3D6427-E21C-84E5-A112-3F8A76567F27}.Debug|Any CPU.ActiveCfg = Debug|Any CPU
		{2B3D6427-E21C-84E5-A112-3F8A76567F27}.Debug|Any CPU.Build.0 = Debug|Any CPU
	EndGlobalSection
	GlobalSection(SolutionProperties) = preSolution
		HideSolutionNode = FALSE
	EndGlobalSection
	GlobalSection(ExtensibilityGlobals) = postSolution
		SolutionGuid = {E7B43665-D59B-4FA6-9AAA-33B432DC2E35}
	EndGlobalSection
EndGlobal
